
Microsoft Visual Studio Solution File, Format Version 11.00
# Visual Studio 2010
Project("{FAE04EC0-301F-11D3-BF4B-00C04F79EFBC}") = "DeforestActionDonations", "DeforestActionDonations\DeforestActionDonations.csproj", "{BC8DCD67-BDB6-433F-AD32-0176FF1EEDB6}"
EndProject
Project("{CC5FD16D-436D-48AD-A40C-5A424C6E3E79}") = "DeforestActionDonations.Azure", "DeforestActionDonations.Azure\DeforestActionDonations.Azure.ccproj", "{D0E313F3-DE95-4869-960A-B5501408B944}"
EndProject
Global
	GlobalSection(SubversionScc) = preSolution
		Svn-Managed = True
		Manager = AnkhSVN - Subversion Support for Visual Studio
	EndGlobalSection
	GlobalSection(SolutionConfigurationPlatforms) = preSolution
		Debug|Any CPU = Debug|Any CPU
		Release|Any CPU = Release|Any CPU
	EndGlobalSection
	GlobalSection(ProjectConfigurationPlatforms) = postSolution
		{BC8DCD67-BDB6-433F-AD32-0176FF1EEDB6}.Debug|Any CPU.ActiveCfg = Debug|Any CPU
		{BC8DCD67-BDB6-433F-AD32-0176FF1EEDB6}.Debug|Any CPU.Build.0 = Debug|Any CPU
		{BC8DCD67-BDB6-433F-AD32-0176FF1EEDB6}.Release|Any CPU.ActiveCfg = Release|Any CPU
		{BC8DCD67-BDB6-433F-AD32-0176FF1EEDB6}.Release|Any CPU.Build.0 = Release|Any CPU
		{D0E313F3-DE95-4869-960A-B5501408B944}.Debug|Any CPU.ActiveCfg = Debug|Any CPU
		{D0E313F3-DE95-4869-960A-B5501408B944}.Debug|Any CPU.Build.0 = Debug|Any CPU
		{D0E313F3-DE95-4869-960A-B5501408B944}.Release|Any CPU.ActiveCfg = Release|Any CPU
		{D0E313F3-DE95-4869-960A-B5501408B944}.Release|Any CPU.Build.0 = Release|Any CPU
	EndGlobalSection
	GlobalSection(SolutionProperties) = preSolution
		HideSolutionNode = FALSE
	EndGlobalSection
EndGlobal
